
Microsoft Visual Studio Solution File, Format Version 12.00
# Visual Studio 15
VisualStudioVersion = 15.0.26124.0
MinimumVisualStudioVersion = 15.0.26124.0
Project("{2150E333-8FDC-42A3-9474-1A3956D46DE8}") = "src", "src", "{3D2BEAAE-6E68-4471-95C1-6FFC97892DDF}"
EndProject
Project("{F2A71F9B-5D33-465A-A702-920D77279786}") = "Lispy", "src\Lispy\Lispy.fsproj", "{350459EC-049D-43F7-88C6-5EC45C373A74}"
EndProject
Project("{F2A71F9B-5D33-465A-A702-920D77279786}") = "Interpreter", "src\Interpreter\Interpreter.fsproj", "{180E5943-50AD-4501-A6C6-4FDCBC3A1FA0}"
EndProject
Global
	GlobalSection(SolutionConfigurationPlatforms) = preSolution
		Debug|Any CPU = Debug|Any CPU
		Debug|x64 = Debug|x64
		Debug|x86 = Debug|x86
		Release|Any CPU = Release|Any CPU
		Release|x64 = Release|x64
		Release|x86 = Release|x86
	EndGlobalSection
	GlobalSection(SolutionProperties) = preSolution
		HideSolutionNode = FALSE
	EndGlobalSection
	GlobalSection(ProjectConfigurationPlatforms) = postSolution
		{350459EC-049D-43F7-88C6-5EC45C373A74}.Debug|Any CPU.ActiveCfg = Debug|Any CPU
		{350459EC-049D-43F7-88C6-5EC45C373A74}.Debug|Any CPU.Build.0 = Debug|Any CPU
		{350459EC-049D-43F7-88C6-5EC45C373A74}.Debug|x64.ActiveCfg = Debug|Any CPU
		{350459EC-049D-43F7-88C6-5EC45C373A74}.Debug|x64.Build.0 = Debug|Any CPU
		{350459EC-049D-43F7-88C6-5EC45C373A74}.Debug|x86.ActiveCfg = Debug|Any CPU
		{350459EC-049D-43F7-88C6-5EC45C373A74}.Debug|x86.Build.0 = Debug|Any CPU
		{350459EC-049D-43F7-88C6-5EC45C373A74}.Release|Any CPU.ActiveCfg = Release|Any CPU
		{350459EC-049D-43F7-88C6-5EC45C373A74}.Release|Any CPU.Build.0 = Release|Any CPU
		{350459EC-049D-43F7-88C6-5EC45C373A74}.Release|x64.ActiveCfg = Release|Any CPU
		{350459EC-049D-43F7-88C6-5EC45C373A74}.Release|x64.Build.0 = Release|Any CPU
		{350459EC-049D-43F7-88C6-5EC45C373A74}.Release|x86.ActiveCfg = Release|Any CPU
		{350459EC-049D-43F7-88C6-5EC45C373A74}.Release|x86.Build.0 = Release|Any CPU
		{180E5943-50AD-4501-A6C6-4FDCBC3A1FA0}.Debug|Any CPU.ActiveCfg = Debug|Any CPU
		{180E5943-50AD-4501-A6C6-4FDCBC3A1FA0}.Debug|Any CPU.Build.0 = Debug|Any CPU
		{180E5943-50AD-4501-A6C6-4FDCBC3A1FA0}.Debug|x64.ActiveCfg = Debug|Any CPU
		{180E5943-50AD-4501-A6C6-4FDCBC3A1FA0}.Debug|x64.Build.0 = Debug|Any CPU
		{180E5943-50AD-4501-A6C6-4FDCBC3A1FA0}.Debug|x86.ActiveCfg = Debug|Any CPU
		{180E5943-50AD-4501-A6C6-4FDCBC3A1FA0}.Debug|x86.Build.0 = Debug|Any CPU
		{180E5943-50AD-4501-A6C6-4FDCBC3A1FA0}.Release|Any CPU.ActiveCfg = Release|Any CPU
		{180E5943-50AD-4501-A6C6-4FDCBC3A1FA0}.Release|Any CPU.Build.0 = Release|Any CPU
		{180E5943-50AD-4501-A6C6-4FDCBC3A1FA0}.Release|x64.ActiveCfg = Release|Any CPU
		{180E5943-50AD-4501-A6C6-4FDCBC3A1FA0}.Release|x64.Build.0 = Release|Any CPU
		{180E5943-50AD-4501-A6C6-4FDCBC3A1FA0}.Release|x86.ActiveCfg = Release|Any CPU
		{180E5943-50AD-4501-A6C6-4FDCBC3A1FA0}.Release|x86.Build.0 = Release|Any CPU
	EndGlobalSection
	GlobalSection(NestedProjects) = preSolution
		{350459EC-049D-43F7-88C6-5EC45C373A74} = {3D2BEAAE-6E68-4471-95C1-6FFC97892DDF}
		{180E5943-50AD-4501-A6C6-4FDCBC3A1FA0} = {3D2BEAAE-6E68-4471-95C1-6FFC97892DDF}
	EndGlobalSection
EndGlobal
